
Microsoft Visual Studio Solution File, Format Version 12.00
# Visual Studio Version 17
VisualStudioVersion = 17.9.34723.18
MinimumVisualStudioVersion = 10.0.40219.1
Project("{FAE04EC0-301F-11D3-BF4B-00C04F79EFBC}") = "SSH_Helper", "SSH_Helper.csproj", "{4CD5F574-50C9-47B2-AD78-5188D0BB90AD}"
EndProject
Project("{FAE04EC0-301F-11D3-BF4B-00C04F79EFBC}") = "SSH_Helper.Tests", "SSH_Helper.Tests\SSH_Helper.Tests.csproj", "{C841D4FB-EC47-4AE1-BEF1-DD6ABC88321D}"
EndProject
Global
	GlobalSection(SolutionConfigurationPlatforms) = preSolution
		Debug|Any CPU = Debug|Any CPU
		Debug|x64 = Debug|x64
		Debug|x86 = Debug|x86
		Release|Any CPU = Release|Any CPU
		Release|x64 = Release|x64
		Release|x86 = Release|x86
	EndGlobalSection
	GlobalSection(ProjectConfigurationPlatforms) = postSolution
		{4CD5F574-50C9-47B2-AD78-5188D0BB90AD}.Debug|Any CPU.ActiveCfg = Debug|Any CPU
		{4CD5F574-50C9-47B2-AD78-5188D0BB90AD}.Debug|Any CPU.Build.0 = Debug|Any CPU
		{4CD5F574-50C9-47B2-AD78-5188D0BB90AD}.Debug|x64.ActiveCfg = Debug|Any CPU
		{4CD5F574-50C9-47B2-AD78-5188D0BB90AD}.Debug|x64.Build.0 = Debug|Any CPU
		{4CD5F574-50C9-47B2-AD78-5188D0BB90AD}.Debug|x86.ActiveCfg = Debug|Any CPU
		{4CD5F574-50C9-47B2-AD78-5188D0BB90AD}.Debug|x86.Build.0 = Debug|Any CPU
		{4CD5F574-50C9-47B2-AD78-5188D0BB90AD}.Release|Any CPU.ActiveCfg = Release|Any CPU
		{4CD5F574-50C9-47B2-AD78-5188D0BB90AD}.Release|Any CPU.Build.0 = Release|Any CPU
		{4CD5F574-50C9-47B2-AD78-5188D0BB90AD}.Release|x64.ActiveCfg = Release|Any CPU
		{4CD5F574-50C9-47B2-AD78-5188D0BB90AD}.Release|x64.Build.0 = Release|Any CPU
		{4CD5F574-50C9-47B2-AD78-5188D0BB90AD}.Release|x86.ActiveCfg = Release|Any CPU
		{4CD5F574-50C9-47B2-AD78-5188D0BB90AD}.Release|x86.Build.0 = Release|Any CPU
		{C841D4FB-EC47-4AE1-BEF1-DD6ABC88321D}.Debug|Any CPU.ActiveCfg = Debug|Any CPU
		{C841D4FB-EC47-4AE1-BEF1-DD6ABC88321D}.Debug|Any CPU.Build.0 = Debug|Any CPU
		{C841D4FB-EC47-4AE1-BEF1-DD6ABC88321D}.Debug|x64.ActiveCfg = Debug|Any CPU
		{C841D4FB-EC47-4AE1-BEF1-DD6ABC88321D}.Debug|x64.Build.0 = Debug|Any CPU
		{C841D4FB-EC47-4AE1-BEF1-DD6ABC88321D}.Debug|x86.ActiveCfg = Debug|Any CPU
		{C841D4FB-EC47-4AE1-BEF1-DD6ABC88321D}.Debug|x86.Build.0 = Debug|Any CPU
		{C841D4FB-EC47-4AE1-BEF1-DD6ABC88321D}.Release|Any CPU.ActiveCfg = Release|Any CPU
		{C841D4FB-EC47-4AE1-BEF1-DD6ABC88321D}.Release|Any CPU.Build.0 = Release|Any CPU
		{C841D4FB-EC47-4AE1-BEF1-DD6ABC88321D}.Release|x64.ActiveCfg = Release|Any CPU
		{C841D4FB-EC47-4AE1-BEF1-DD6ABC88321D}.Release|x64.Build.0 = Release|Any CPU
		{C841D4FB-EC47-4AE1-BEF1-DD6ABC88321D}.Release|x86.ActiveCfg = Release|Any CPU
		{C841D4FB-EC47-4AE1-BEF1-DD6ABC88321D}.Release|x86.Build.0 = Release|Any CPU
	EndGlobalSection
	GlobalSection(SolutionProperties) = preSolution
		HideSolutionNode = FALSE
	EndGlobalSection
	GlobalSection(ExtensibilityGlobals) = postSolution
		SolutionGuid = {F0802E9B-912D-42E9-A96E-44262CB3B662}
	EndGlobalSection
EndGlobal
